
Microsoft Visual Studio Solution File, Format Version 12.00
# Visual Studio Version 17
VisualStudioVersion = 17.8.34330.188
MinimumVisualStudioVersion = 10.0.40219.1
Project("{FAE04EC0-301F-11D3-BF4B-00C04F79EFBC}") = "03StringAndStatic", "03StringAndStatic\03StringAndStatic.csproj", "{C14CC0CF-12AA-4D11-8AB9-D9E816D5E4B4}"
EndProject
Global
	GlobalSection(SolutionConfigurationPlatforms) = preSolution
		Debug|Any CPU = Debug|Any CPU
		Release|Any CPU = Release|Any CPU
	EndGlobalSection
	GlobalSection(ProjectConfigurationPlatforms) = postSolution
		{C14CC0CF-12AA-4D11-8AB9-D9E816D5E4B4}.Debug|Any CPU.ActiveCfg = Debug|Any CPU
		{C14CC0CF-12AA-4D11-8AB9-D9E816D5E4B4}.Debug|Any CPU.Build.0 = Debug|Any CPU
		{C14CC0CF-12AA-4D11-8AB9-D9E816D5E4B4}.Release|Any CPU.ActiveCfg = Release|Any CPU
		{C14CC0CF-12AA-4D11-8AB9-D9E816D5E4B4}.Release|Any CPU.Build.0 = Release|Any CPU
	EndGlobalSection
	GlobalSection(SolutionProperties) = preSolution
		HideSolutionNode = FALSE
	EndGlobalSection
	GlobalSection(ExtensibilityGlobals) = postSolution
		SolutionGuid = {DB09F592-A864-40D7-AE1B-FA05D26F08CB}
	EndGlobalSection
EndGlobal
